
Microsoft Visual Studio Solution File, Format Version 12.00
# Visual Studio 15
VisualStudioVersion = 15.0.28010.2003
MinimumVisualStudioVersion = 10.0.40219.1
Project("{FAE04EC0-301F-11D3-BF4B-00C04F79EFBC}") = "XFPrismValidation", "XFPrismValidation\XFPrismValidation\XFPrismValidation.csproj", "{ADF74F04-5877-4D09-8442-317ABCECD51D}"
EndProject
Project("{FAE04EC0-301F-11D3-BF4B-00C04F79EFBC}") = "XFPrismValidation.Android", "XFPrismValidation\XFPrismValidation.Android\XFPrismValidation.Android.csproj", "{F6E263AE-E183-4C13-8FAA-650448AE2728}"
EndProject
Project("{FAE04EC0-301F-11D3-BF4B-00C04F79EFBC}") = "XFPrismValidation.iOS", "XFPrismValidation\XFPrismValidation.iOS\XFPrismValidation.iOS.csproj", "{20063AE8-8A78-4BCF-B470-09670F98CE5C}"
EndProject
Project("{FAE04EC0-301F-11D3-BF4B-00C04F79EFBC}") = "XFPrismValidation.UWP", "XFPrismValidation\XFPrismValidation.UWP\XFPrismValidation.UWP.csproj", "{7813EBC6-33A6-45FF-B791-8C8877922D24}"
EndProject
Global
	GlobalSection(SolutionConfigurationPlatforms) = preSolution
		Ad-Hoc|Any CPU = Ad-Hoc|Any CPU
		Ad-Hoc|ARM = Ad-Hoc|ARM
		Ad-Hoc|iPhone = Ad-Hoc|iPhone
		Ad-Hoc|iPhoneSimulator = Ad-Hoc|iPhoneSimulator
		Ad-Hoc|x64 = Ad-Hoc|x64
		Ad-Hoc|x86 = Ad-Hoc|x86
		AppStore|Any CPU = AppStore|Any CPU
		AppStore|ARM = AppStore|ARM
		AppStore|iPhone = AppStore|iPhone
		AppStore|iPhoneSimulator = AppStore|iPhoneSimulator
		AppStore|x64 = AppStore|x64
		AppStore|x86 = AppStore|x86
		Debug|Any CPU = Debug|Any CPU
		Debug|ARM = Debug|ARM
		Debug|iPhone = Debug|iPhone
		Debug|iPhoneSimulator = Debug|iPhoneSimulator
		Debug|x64 = Debug|x64
		Debug|x86 = Debug|x86
		Release|Any CPU = Release|Any CPU
		Release|ARM = Release|ARM
		Release|iPhone = Release|iPhone
		Release|iPhoneSimulator = Release|iPhoneSimulator
		Release|x64 = Release|x64
		Release|x86 = Release|x86
	EndGlobalSection
	GlobalSection(ProjectConfigurationPlatforms) = postSolution
		{ADF74F04-5877-4D09-8442-317ABCECD51D}.Ad-Hoc|Any CPU.ActiveCfg = Debug|Any CPU
		{ADF74F04-5877-4D09-8442-317ABCECD51D}.Ad-Hoc|Any CPU.Build.0 = Debug|Any CPU
		{ADF74F04-5877-4D09-8442-317ABCECD51D}.Ad-Hoc|ARM.ActiveCfg = Debug|Any CPU
		{ADF74F04-5877-4D09-8442-317ABCECD51D}.Ad-Hoc|ARM.Build.0 = Debug|Any CPU
		{ADF74F04-5877-4D09-8442-317ABCECD51D}.Ad-Hoc|iPhone.ActiveCfg = Debug|Any CPU
		{ADF74F04-5877-4D09-8442-317ABCECD51D}.Ad-Hoc|iPhone.Build.0 = Debug|Any CPU
		{ADF74F04-5877-4D09-8442-317ABCECD51D}.Ad-Hoc|iPhoneSimulator.ActiveCfg = Debug|Any CPU
		{ADF74F04-5877-4D09-8442-317ABCECD51D}.Ad-Hoc|iPhoneSimulator.Build.0 = Debug|Any CPU
		{ADF74F04-5877-4D09-8442-317ABCECD51D}.Ad-Hoc|x64.ActiveCfg = Debug|Any CPU
		{ADF74F04-5877-4D09-8442-317ABCECD51D}.Ad-Hoc|x64.Build.0 = Debug|Any CPU
		{ADF74F04-5877-4D09-8442-317ABCECD51D}.Ad-Hoc|x86.ActiveCfg = Debug|Any CPU
		{ADF74F04-5877-4D09-8442-317ABCECD51D}.Ad-Hoc|x86.Build.0 = Debug|Any CPU
		{ADF74F04-5877-4D09-8442-317ABCECD51D}.AppStore|Any CPU.ActiveCfg = Debug|Any CPU
		{ADF74F04-5877-4D09-8442-317ABCECD51D}.AppStore|Any CPU.Build.0 = Debug|Any CPU
		{ADF74F04-5877-4D09-8442-317ABCECD51D}.AppStore|ARM.ActiveCfg = Debug|Any CPU
		{ADF74F04-5877-4D09-8442-317ABCECD51D}.AppStore|ARM.Build.0 = Debug|Any CPU
		{ADF74F04-5877-4D09-8442-317ABCECD51D}.AppStore|iPhone.ActiveCfg = Debug|Any CPU
		{ADF74F04-5877-4D09-8442-317ABCECD51D}.AppStore|iPhone.Build.0 = Debug|Any CPU
		{ADF74F04-5877-4D09-8442-317ABCECD51D}.AppStore|iPhoneSimulator.ActiveCfg = Debug|Any CPU
		{ADF74F04-5877-4D09-8442-317ABCECD51D}.AppStore|iPhoneSimulator.Build.0 = Debug|Any CPU
		{ADF74F04-5877-4D09-8442-317ABCECD51D}.AppStore|x64.ActiveCfg = Debug|Any CPU
		{ADF74F04-5877-4D09-8442-317ABCECD51D}.AppStore|x64.Build.0 = Debug|Any CPU
		{ADF74F04-5877-4D09-8442-317ABCECD51D}.AppStore|x86.ActiveCfg = Debug|Any CPU
		{ADF74F04-5877-4D09-8442-317ABCECD51D}.AppStore|x86.Build.0 = Debug|Any CPU
		{ADF74F04-5877-4D09-8442-317ABCECD51D}.Debug|Any CPU.ActiveCfg = Debug|Any CPU
		{ADF74F04-5877-4D09-8442-317ABCECD51D}.Debug|Any CPU.Build.0 = Debug|Any CPU
		{ADF74F04-5877-4D09-8442-317ABCECD51D}.Debug|ARM.ActiveCfg = Debug|Any CPU
		{ADF74F04-5877-4D09-8442-317ABCECD51D}.Debug|ARM.Build.0 = Debug|Any CPU
		{ADF74F04-5877-4D09-8442-317ABCECD51D}.Debug|iPhone.ActiveCfg = Debug|Any CPU
		{ADF74F04-5877-4D09-8442-317ABCECD51D}.Debug|iPhone.Build.0 = Debug|Any CPU
		{ADF74F04-5877-4D09-8442-317ABCECD51D}.Debug|iPhoneSimulator.ActiveCfg = Debug|Any CPU
		{ADF74F04-5877-4D09-8442-317ABCECD51D}.Debug|iPhoneSimulator.Build.0 = Debug|Any CPU
		{ADF74F04-5877-4D09-8442-317ABCECD51D}.Debug|x64.ActiveCfg = Debug|Any CPU
		{ADF74F04-5877-4D09-8442-317ABCECD51D}.Debug|x64.Build.0 = Debug|Any CPU
		{ADF74F04-5877-4D09-8442-317ABCECD51D}.Debug|x86.ActiveCfg = Debug|Any CPU
		{ADF74F04-5877-4D09-8442-317ABCECD51D}.Debug|x86.Build.0 = Debug|Any CPU
		{ADF74F04-5877-4D09-8442-317ABCECD51D}.Release|Any CPU.ActiveCfg = Release|Any CPU
		{ADF74F04-5877-4D09-8442-317ABCECD51D}.Release|Any CPU.Build.0 = Release|Any CPU
		{ADF74F04-5877-4D09-8442-317ABCECD51D}.Release|ARM.ActiveCfg = Release|Any CPU
		{ADF74F04-5877-4D09-8442-317ABCECD51D}.Release|ARM.Build.0 = Release|Any CPU
		{ADF74F04-5877-4D09-8442-317ABCECD51D}.Release|iPhone.ActiveCfg = Release|Any CPU
		{ADF74F04-5877-4D09-8442-317ABCECD51D}.Release|iPhone.Build.0 = Release|Any CPU
		{ADF74F04-5877-4D09-8442-317ABCECD51D}.Release|iPhoneSimulator.ActiveCfg = Release|Any CPU
		{ADF74F04-5877-4D09-8442-317ABCECD51D}.Release|iPhoneSimulator.Build.0 = Release|Any CPU
		{ADF74F04-5877-4D09-8442-317ABCECD51D}.Release|x64.ActiveCfg = Release|Any CPU
		{ADF74F04-5877-4D09-8442-317ABCECD51D}.Release|x64.Build.0 = Release|Any CPU
		{ADF74F04-5877-4D09-8442-317ABCECD51D}.Release|x86.ActiveCfg = Release|Any CPU
		{ADF74F04-5877-4D09-8442-317ABCECD51D}.Release|x86.Build.0 = Release|Any CPU
		{F6E263AE-E183-4C13-8FAA-650448AE2728}.Ad-Hoc|Any CPU.ActiveCfg = Release|Any CPU
		{F6E263AE-E183-4C13-8FAA-650448AE2728}.Ad-Hoc|Any CPU.Build.0 = Release|Any CPU
		{F6E263AE-E183-4C13-8FAA-650448AE2728}.Ad-Hoc|Any CPU.Deploy.0 = Release|Any CPU
		{F6E263AE-E183-4C13-8FAA-650448AE2728}.Ad-Hoc|ARM.ActiveCfg = Release|Any CPU
		{F6E263AE-E183-4C13-8FAA-650448AE2728}.Ad-Hoc|ARM.Build.0 = Release|Any CPU
		{F6E263AE-E183-4C13-8FAA-650448AE2728}.Ad-Hoc|ARM.Deploy.0 = Release|Any CPU
		{F6E263AE-E183-4C13-8FAA-650448AE2728}.Ad-Hoc|iPhone.ActiveCfg = Release|Any CPU
		{F6E263AE-E183-4C13-8FAA-650448AE2728}.Ad-Hoc|iPhone.Build.0 = Release|Any CPU
		{F6E263AE-E183-4C13-8FAA-650448AE2728}.Ad-Hoc|iPhone.Deploy.0 = Release|Any CPU
		{F6E263AE-E183-4C13-8FAA-650448AE2728}.Ad-Hoc|iPhoneSimulator.ActiveCfg = Release|Any CPU
		{F6E263AE-E183-4C13-8FAA-650448AE2728}.Ad-Hoc|iPhoneSimulator.Build.0 = Release|Any CPU
		{F6E263AE-E183-4C13-8FAA-650448AE2728}.Ad-Hoc|iPhoneSimulator.Deploy.0 = Release|Any CPU
		{F6E263AE-E183-4C13-8FAA-650448AE2728}.Ad-Hoc|x64.ActiveCfg = Release|Any CPU
		{F6E263AE-E183-4C13-8FAA-650448AE2728}.Ad-Hoc|x64.Build.0 = Release|Any CPU
		{F6E263AE-E183-4C13-8FAA-650448AE2728}.Ad-Hoc|x64.Deploy.0 = Release|Any CPU
		{F6E263AE-E183-4C13-8FAA-650448AE2728}.Ad-Hoc|x86.ActiveCfg = Release|Any CPU
		{F6E263AE-E183-4C13-8FAA-650448AE2728}.Ad-Hoc|x86.Build.0 = Release|Any CPU
		{F6E263AE-E183-4C13-8FAA-650448AE2728}.Ad-Hoc|x86.Deploy.0 = Release|Any CPU
		{F6E263AE-E183-4C13-8FAA-650448AE2728}.AppStore|Any CPU.ActiveCfg = Release|Any CPU
		{F6E263AE-E183-4C13-8FAA-650448AE2728}.AppStore|Any CPU.Build.0 = Release|Any CPU
		{F6E263AE-E183-4C13-8FAA-650448AE2728}.AppStore|Any CPU.Deploy.0 = Release|Any CPU
		{F6E263AE-E183-4C13-8FAA-650448AE2728}.AppStore|ARM.ActiveCfg = Release|Any CPU
		{F6E263AE-E183-4C13-8FAA-650448AE2728}.AppStore|ARM.Build.0 = Release|Any CPU
		{F6E263AE-E183-4C13-8FAA-650448AE2728}.AppStore|ARM.Deploy.0 = Release|Any CPU
		{F6E263AE-E183-4C13-8FAA-650448AE2728}.AppStore|iPhone.ActiveCfg = Release|Any CPU
		{F6E263AE-E183-4C13-8FAA-650448AE2728}.AppStore|iPhone.Build.0 = Release|Any CPU
		{F6E263AE-E183-4C13-8FAA-650448AE2728}.AppStore|iPhone.Deploy.0 = Release|Any CPU
		{F6E263AE-E183-4C13-8FAA-650448AE2728}.AppStore|iPhoneSimulator.ActiveCfg = Release|Any CPU
		{F6E263AE-E183-4C13-8FAA-650448AE2728}.AppStore|iPhoneSimulator.Build.0 = Release|Any CPU
		{F6E263AE-E183-4C13-8FAA-650448AE2728}.AppStore|iPhoneSimulator.Deploy.0 = Release|Any CPU
		{F6E263AE-E183-4C13-8FAA-650448AE2728}.AppStore|x64.ActiveCfg = Release|Any CPU
		{F6E263AE-E183-4C13-8FAA-650448AE2728}.AppStore|x64.Build.0 = Release|Any CPU
		{F6E263AE-E183-4C13-8FAA-650448AE2728}.AppStore|x64.Deploy.0 = Release|Any CPU
		{F6E263AE-E183-4C13-8FAA-650448AE2728}.AppStore|x86.ActiveCfg = Release|Any CPU
		{F6E263AE-E183-4C13-8FAA-650448AE2728}.AppStore|x86.Build.0 = Release|Any CPU
		{F6E263AE-E183-4C13-8FAA-650448AE2728}.AppStore|x86.Deploy.0 = Release|Any CPU
		{F6E263AE-E183-4C13-8FAA-650448AE2728}.Debug|Any CPU.ActiveCfg = Debug|Any CPU
		{F6E263AE-E183-4C13-8FAA-650448AE2728}.Debug|Any CPU.Build.0 = Debug|Any CPU
		{F6E263AE-E183-4C13-8FAA-650448AE2728}.Debug|Any CPU.Deploy.0 = Debug|Any CPU
		{F6E263AE-E183-4C13-8FAA-650448AE2728}.Debug|ARM.ActiveCfg = Debug|Any CPU
		{F6E263AE-E183-4C13-8FAA-650448AE2728}.Debug|ARM.Build.0 = Debug|Any CPU
		{F6E263AE-E183-4C13-8FAA-650448AE2728}.Debug|ARM.Deploy.0 = Debug|Any CPU
		{F6E263AE-E183-4C13-8FAA-650448AE2728}.Debug|iPhone.ActiveCfg = Debug|Any CPU
		{F6E263AE-E183-4C13-8FAA-650448AE2728}.Debug|iPhone.Build.0 = Debug|Any CPU
		{F6E263AE-E183-4C13-8FAA-650448AE2728}.Debug|iPhone.Deploy.0 = Debug|Any CPU
		{F6E263AE-E183-4C13-8FAA-650448AE2728}.Debug|iPhoneSimulator.ActiveCfg = Debug|Any CPU
		{F6E263AE-E183-4C13-8FAA-650448AE2728}.Debug|iPhoneSimulator.Build.0 = Debug|Any CPU
		{F6E263AE-E183-4C13-8FAA-650448AE2728}.Debug|iPhoneSimulator.Deploy.0 = Debug|Any CPU
		{F6E263AE-E183-4C13-8FAA-650448AE2728}.Debug|x64.ActiveCfg = Debug|Any CPU
		{F6E263AE-E183-4C13-8FAA-650448AE2728}.Debug|x64.Build.0 = Debug|Any CPU
		{F6E263AE-E183-4C13-8FAA-650448AE2728}.Debug|x64.Deploy.0 = Debug|Any CPU
		{F6E263AE-E183-4C13-8FAA-650448AE2728}.Debug|x86.ActiveCfg = Debug|Any CPU
		{F6E263AE-E183-4C13-8FAA-650448AE2728}.Debug|x86.Build.0 = Debug|Any CPU
		{F6E263AE-E183-4C13-8FAA-650448AE2728}.Debug|x86.Deploy.0 = Debug|Any CPU
		{F6E263AE-E183-4C13-8FAA-650448AE2728}.Release|Any CPU.ActiveCfg = Release|Any CPU
		{F6E263AE-E183-4C13-8FAA-650448AE2728}.Release|Any CPU.Build.0 = Release|Any CPU
		{F6E263AE-E183-4C13-8FAA-650448AE2728}.Release|Any CPU.Deploy.0 = Release|Any CPU
		{F6E263AE-E183-4C13-8FAA-650448AE2728}.Release|ARM.ActiveCfg = Release|Any CPU
		{F6E263AE-E183-4C13-8FAA-650448AE2728}.Release|ARM.Build.0 = Release|Any CPU
		{F6E263AE-E183-4C13-8FAA-650448AE2728}.Release|ARM.Deploy.0 = Release|Any CPU
		{F6E263AE-E183-4C13-8FAA-650448AE2728}.Release|iPhone.ActiveCfg = Release|Any CPU
		{F6E263AE-E183-4C13-8FAA-650448AE2728}.Release|iPhone.Build.0 = Release|Any CPU
		{F6E263AE-E183-4C13-8FAA-650448AE2728}.Release|iPhone.Deploy.0 = Release|Any CPU
		{F6E263AE-E183-4C13-8FAA-650448AE2728}.Release|iPhoneSimulator.ActiveCfg = Release|Any CPU
		{F6E263AE-E183-4C13-8FAA-650448AE2728}.Release|iPhoneSimulator.Build.0 = Release|Any CPU
		{F6E263AE-E183-4C13-8FAA-650448AE2728}.Release|iPhoneSimulator.Deploy.0 = Release|Any CPU
		{F6E263AE-E183-4C13-8FAA-650448AE2728}.Release|x64.ActiveCfg = Release|Any CPU
		{F6E263AE-E183-4C13-8FAA-650448AE2728}.Release|x64.Build.0 = Release|Any CPU
		{F6E263AE-E183-4C13-8FAA-650448AE2728}.Release|x64.Deploy.0 = Release|Any CPU
		{F6E263AE-E183-4C13-8FAA-650448AE2728}.Release|x86.ActiveCfg = Release|Any CPU
		{F6E263AE-E183-4C13-8FAA-650448AE2728}.Release|x86.Build.0 = Release|Any CPU
		{F6E263AE-E183-4C13-8FAA-650448AE2728}.Release|x86.Deploy.0 = Release|Any CPU
		{20063AE8-8A78-4BCF-B470-09670F98CE5C}.Ad-Hoc|Any CPU.ActiveCfg = Ad-Hoc|iPhone
		{20063AE8-8A78-4BCF-B470-09670F98CE5C}.Ad-Hoc|ARM.ActiveCfg = Ad-Hoc|iPhone
		{20063AE8-8A78-4BCF-B470-09670F98CE5C}.Ad-Hoc|iPhone.ActiveCfg = Ad-Hoc|iPhone
		{20063AE8-8A78-4BCF-B470-09670F98CE5C}.Ad-Hoc|iPhone.Build.0 = Ad-Hoc|iPhone
		{20063AE8-8A78-4BCF-B470-09670F98CE5C}.Ad-Hoc|iPhoneSimulator.ActiveCfg = Ad-Hoc|iPhoneSimulator
		{20063AE8-8A78-4BCF-B470-09670F98CE5C}.Ad-Hoc|iPhoneSimulator.Build.0 = Ad-Hoc|iPhoneSimulator
		{20063AE8-8A78-4BCF-B470-09670F98CE5C}.Ad-Hoc|x64.ActiveCfg = Ad-Hoc|iPhone
		{20063AE8-8A78-4BCF-B470-09670F98CE5C}.Ad-Hoc|x86.ActiveCfg = Ad-Hoc|iPhone
		{20063AE8-8A78-4BCF-B470-09670F98CE5C}.AppStore|Any CPU.ActiveCfg = AppStore|iPhone
		{20063AE8-8A78-4BCF-B470-09670F98CE5C}.AppStore|ARM.ActiveCfg = AppStore|iPhone
		{20063AE8-8A78-4BCF-B470-09670F98CE5C}.AppStore|iPhone.ActiveCfg = AppStore|iPhone
		{20063AE8-8A78-4BCF-B470-09670F98CE5C}.AppStore|iPhone.Build.0 = AppStore|iPhone
		{20063AE8-8A78-4BCF-B470-09670F98CE5C}.AppStore|iPhoneSimulator.ActiveCfg = AppStore|iPhoneSimulator
		{20063AE8-8A78-4BCF-B470-09670F98CE5C}.AppStore|iPhoneSimulator.Build.0 = AppStore|iPhoneSimulator
		{20063AE8-8A78-4BCF-B470-09670F98CE5C}.AppStore|x64.ActiveCfg = AppStore|iPhone
		{20063AE8-8A78-4BCF-B470-09670F98CE5C}.AppStore|x86.ActiveCfg = AppStore|iPhone
		{20063AE8-8A78-4BCF-B470-09670F98CE5C}.Debug|Any CPU.ActiveCfg = Debug|iPhone
		{20063AE8-8A78-4BCF-B470-09670F98CE5C}.Debug|ARM.ActiveCfg = Debug|iPhone
		{20063AE8-8A78-4BCF-B470-09670F98CE5C}.Debug|iPhone.ActiveCfg = Debug|iPhone
		{20063AE8-8A78-4BCF-B470-09670F98CE5C}.Debug|iPhone.Build.0 = Debug|iPhone
		{20063AE8-8A78-4BCF-B470-09670F98CE5C}.Debug|iPhoneSimulator.ActiveCfg = Debug|iPhoneSimulator
		{20063AE8-8A78-4BCF-B470-09670F98CE5C}.Debug|iPhoneSimulator.Build.0 = Debug|iPhoneSimulator
		{20063AE8-8A78-4BCF-B470-09670F98CE5C}.Debug|x64.ActiveCfg = Debug|iPhone
		{20063AE8-8A78-4BCF-B470-09670F98CE5C}.Debug|x86.ActiveCfg = Debug|iPhone
		{20063AE8-8A78-4BCF-B470-09670F98CE5C}.Release|Any CPU.ActiveCfg = Release|iPhone
		{20063AE8-8A78-4BCF-B470-09670F98CE5C}.Release|ARM.ActiveCfg = Release|iPhone
		{20063AE8-8A78-4BCF-B470-09670F98CE5C}.Release|iPhone.ActiveCfg = Release|iPhone
		{20063AE8-8A78-4BCF-B470-09670F98CE5C}.Release|iPhone.Build.0 = Release|iPhone
		{20063AE8-8A78-4BCF-B470-09670F98CE5C}.Release|iPhoneSimulator.ActiveCfg = Release|iPhoneSimulator
		{20063AE8-8A78-4BCF-B470-09670F98CE5C}.Release|iPhoneSimulator.Build.0 = Release|iPhoneSimulator
		{20063AE8-8A78-4BCF-B470-09670F98CE5C}.Release|x64.ActiveCfg = Release|iPhone
		{20063AE8-8A78-4BCF-B470-09670F98CE5C}.Release|x86.ActiveCfg = Release|iPhone
		{7813EBC6-33A6-45FF-B791-8C8877922D24}.Ad-Hoc|Any CPU.ActiveCfg = Release|x86
		{7813EBC6-33A6-45FF-B791-8C8877922D24}.Ad-Hoc|Any CPU.Build.0 = Release|x86
		{7813EBC6-33A6-45FF-B791-8C8877922D24}.Ad-Hoc|Any CPU.Deploy.0 = Release|x86
		{7813EBC6-33A6-45FF-B791-8C8877922D24}.Ad-Hoc|ARM.ActiveCfg = Release|ARM
		{7813EBC6-33A6-45FF-B791-8C8877922D24}.Ad-Hoc|ARM.Build.0 = Release|ARM
		{7813EBC6-33A6-45FF-B791-8C8877922D24}.Ad-Hoc|ARM.Deploy.0 = Release|ARM
		{7813EBC6-33A6-45FF-B791-8C8877922D24}.Ad-Hoc|iPhone.ActiveCfg = Release|x86
		{7813EBC6-33A6-45FF-B791-8C8877922D24}.Ad-Hoc|iPhone.Build.0 = Release|x86
		{7813EBC6-33A6-45FF-B791-8C8877922D24}.Ad-Hoc|iPhone.Deploy.0 = Release|x86
		{7813EBC6-33A6-45FF-B791-8C8877922D24}.Ad-Hoc|iPhoneSimulator.ActiveCfg = Release|x86
		{7813EBC6-33A6-45FF-B791-8C8877922D24}.Ad-Hoc|iPhoneSimulator.Build.0 = Release|x86
		{7813EBC6-33A6-45FF-B791-8C8877922D24}.Ad-Hoc|iPhoneSimulator.Deploy.0 = Release|x86
		{7813EBC6-33A6-45FF-B791-8C8877922D24}.Ad-Hoc|x64.ActiveCfg = Release|x64
		{7813EBC6-33A6-45FF-B791-8C8877922D24}.Ad-Hoc|x64.Build.0 = Release|x64
		{7813EBC6-33A6-45FF-B791-8C8877922D24}.Ad-Hoc|x64.Deploy.0 = Release|x64
		{7813EBC6-33A6-45FF-B791-8C8877922D24}.Ad-Hoc|x86.ActiveCfg = Release|x86
		{7813EBC6-33A6-45FF-B791-8C8877922D24}.Ad-Hoc|x86.Build.0 = Release|x86
		{7813EBC6-33A6-45FF-B791-8C8877922D24}.Ad-Hoc|x86.Deploy.0 = Release|x86
		{7813EBC6-33A6-45FF-B791-8C8877922D24}.AppStore|Any CPU.ActiveCfg = Release|x86
		{7813EBC6-33A6-45FF-B791-8C8877922D24}.AppStore|Any CPU.Build.0 = Release|x86
		{7813EBC6-33A6-45FF-B791-8C8877922D24}.AppStore|Any CPU.Deploy.0 = Release|x86
		{7813EBC6-33A6-45FF-B791-8C8877922D24}.AppStore|ARM.ActiveCfg = Release|ARM
		{7813EBC6-33A6-45FF-B791-8C8877922D24}.AppStore|ARM.Build.0 = Release|ARM
		{7813EBC6-33A6-45FF-B791-8C8877922D24}.AppStore|ARM.Deploy.0 = Release|ARM
		{7813EBC6-33A6-45FF-B791-8C8877922D24}.AppStore|iPhone.ActiveCfg = Release|x86
		{7813EBC6-33A6-45FF-B791-8C8877922D24}.AppStore|iPhone.Build.0 = Release|x86
		{7813EBC6-33A6-45FF-B791-8C8877922D24}.AppStore|iPhone.Deploy.0 = Release|x86
		{7813EBC6-33A6-45FF-B791-8C8877922D24}.AppStore|iPhoneSimulator.ActiveCfg = Release|x86
		{7813EBC6-33A6-45FF-B791-8C8877922D24}.AppStore|iPhoneSimulator.Build.0 = Release|x86
		{7813EBC6-33A6-45FF-B791-8C8877922D24}.AppStore|iPhoneSimulator.Deploy.0 = Release|x86
		{7813EBC6-33A6-45FF-B791-8C8877922D24}.AppStore|x64.ActiveCfg = Release|x64
		{7813EBC6-33A6-45FF-B791-8C8877922D24}.AppStore|x64.Build.0 = Release|x64
		{7813EBC6-33A6-45FF-B791-8C8877922D24}.AppStore|x64.Deploy.0 = Release|x64
		{7813EBC6-33A6-45FF-B791-8C8877922D24}.AppStore|x86.ActiveCfg = Release|x86
		{7813EBC6-33A6-45FF-B791-8C8877922D24}.AppStore|x86.Build.0 = Release|x86
		{7813EBC6-33A6-45FF-B791-8C8877922D24}.AppStore|x86.Deploy.0 = Release|x86
		{7813EBC6-33A6-45FF-B791-8C8877922D24}.Debug|Any CPU.ActiveCfg = Debug|x86
		{7813EBC6-33A6-45FF-B791-8C8877922D24}.Debug|ARM.ActiveCfg = Debug|ARM
		{7813EBC6-33A6-45FF-B791-8C8877922D24}.Debug|ARM.Build.0 = Debug|ARM
		{7813EBC6-33A6-45FF-B791-8C8877922D24}.Debug|ARM.Deploy.0 = Debug|ARM
		{7813EBC6-33A6-45FF-B791-8C8877922D24}.Debug|iPhone.ActiveCfg = Debug|x86
		{7813EBC6-33A6-45FF-B791-8C8877922D24}.Debug|iPhoneSimulator.ActiveCfg = Debug|x86
		{7813EBC6-33A6-45FF-B791-8C8877922D24}.Debug|x64.ActiveCfg = Debug|x64
		{7813EBC6-33A6-45FF-B791-8C8877922D24}.Debug|x64.Build.0 = Debug|x64
		{7813EBC6-33A6-45FF-B791-8C8877922D24}.Debug|x64.Deploy.0 = Debug|x64
		{7813EBC6-33A6-45FF-B791-8C8877922D24}.Debug|x86.ActiveCfg = Debug|x86
		{7813EBC6-33A6-45FF-B791-8C8877922D24}.Debug|x86.Build.0 = Debug|x86
		{7813EBC6-33A6-45FF-B791-8C8877922D24}.Debug|x86.Deploy.0 = Debug|x86
		{7813EBC6-33A6-45FF-B791-8C8877922D24}.Release|Any CPU.ActiveCfg = Release|x86
		{7813EBC6-33A6-45FF-B791-8C8877922D24}.Release|ARM.ActiveCfg = Release|ARM
		{7813EBC6-33A6-45FF-B791-8C8877922D24}.Release|ARM.Build.0 = Release|ARM
		{7813EBC6-33A6-45FF-B791-8C8877922D24}.Release|ARM.Deploy.0 = Release|ARM
		{7813EBC6-33A6-45FF-B791-8C8877922D24}.Release|iPhone.ActiveCfg = Release|x86
		{7813EBC6-33A6-45FF-B791-8C8877922D24}.Release|iPhoneSimulator.ActiveCfg = Release|x86
		{7813EBC6-33A6-45FF-B791-8C8877922D24}.Release|x64.ActiveCfg = Release|x64
		{7813EBC6-33A6-45FF-B791-8C8877922D24}.Release|x64.Build.0 = Release|x64
		{7813EBC6-33A6-45FF-B791-8C8877922D24}.Release|x64.Deploy.0 = Release|x64
		{7813EBC6-33A6-45FF-B791-8C8877922D24}.Release|x86.ActiveCfg = Release|x86
		{7813EBC6-33A6-45FF-B791-8C8877922D24}.Release|x86.Build.0 = Release|x86
		{7813EBC6-33A6-45FF-B791-8C8877922D24}.Release|x86.Deploy.0 = Release|x86
	EndGlobalSection
	GlobalSection(SolutionProperties) = preSolution
		HideSolutionNode = FALSE
	EndGlobalSection
	GlobalSection(ExtensibilityGlobals) = postSolution
		SolutionGuid = {8545A223-68DD-42EE-860B-854250D820F3}
	EndGlobalSection
EndGlobal
